<Solution>
  <Folder Name="/src/">
    <Project Path="src/RpcProvider.Core/RpcProvider.Core.csproj" />
    <Project Path="src/RpcProvider.HealthWorker/RpcProvider.HealthWorker.csproj" />
  </Folder>
  <Folder Name="/tests/">
    <Project Path="tests/RpcProvider.Core.Tests/RpcProvider.Core.Tests.csproj" />
    <Project Path="tests/RpcProvider.HealthWorker.Tests/RpcProvider.HealthWorker.Tests.csproj" />
  </Folder>
</Solution>
